{
  "version": "5",
  "specifiers": {
    "jsr:@std/bytes@^1.0.6": "1.0.6",
    "jsr:@std/internal@^1.0.5": "1.0.5",
    "jsr:@std/io@*": "0.225.3"
  },
  "jsr": {
    "@std/bytes@1.0.6": {
      "integrity": "f6ac6adbd8ccd99314045f5703e23af0a68d7f7e58364b47d2c7f408aeb5820a"
    },
    "@std/internal@1.0.5": {
      "integrity": "54a546004f769c1ac9e025abd15a76b6671ddc9687e2313b67376125650dc7ba"
    },
    "@std/io@0.225.3": {
      "integrity": "27b07b591384d12d7b568f39e61dff966b8230559122df1e9fd11cc068f7ddd1",
      "dependencies": [
        "jsr:@std/bytes"
      ]
    }
  },
  "workspace": {
    "dependencies": [
      "jsr:@std/assert@1"
    ]
  }
}
